// !$*UTF8*$!
{
	archiveVersion = 1;
	classes = {
	};
	objectVersion = 50;
	objects = {

/* Begin PBXBuildFile section */
		CF1190A924215949009D1027 /* NewsViewController.swift in Sources */ = {isa = PBXBuildFile; fileRef = CF1190A824215949009D1027 /* NewsViewController.swift */; };
		CF626C1E241994C700AE88E0 /* AppDelegate.swift in Sources */ = {isa = PBXBuildFile; fileRef = CF626C1D241994C700AE88E0 /* AppDelegate.swift */; };
		CF626C27241994C800AE88E0 /* Assets.xcassets in Resources */ = {isa = PBXBuildFile; fileRef = CF626C26241994C800AE88E0 /* Assets.xcassets */; };
		CF626C322419962400AE88E0 /* AllNewsController.swift in Sources */ = {isa = PBXBuildFile; fileRef = CF626C312419962400AE88E0 /* AllNewsController.swift */; };
		CF778A7624200267002C36FD /* Launch Screen.storyboard in Resources */ = {isa = PBXBuildFile; fileRef = CF778A7524200267002C36FD /* Launch Screen.storyboard */; };
		CF778A7A242008BB002C36FD /* ParseOperation.swift in Sources */ = {isa = PBXBuildFile; fileRef = CF778A79242008BB002C36FD /* ParseOperation.swift */; };
		CFD48D09241FDCDF003E2528 /* NewsCell.swift in Sources */ = {isa = PBXBuildFile; fileRef = CFD48D07241FDCDF003E2528 /* NewsCell.swift */; };
		CFD48D0A241FDCDF003E2528 /* NewsCell.xib in Resources */ = {isa = PBXBuildFile; fileRef = CFD48D08241FDCDF003E2528 /* NewsCell.xib */; };
		CFD48D0C241FDECF003E2528 /* NewsModel.swift in Sources */ = {isa = PBXBuildFile; fileRef = CFD48D0B241FDECF003E2528 /* NewsModel.swift */; };
/* End PBXBuildFile section */

/* Begin PBXFileReference section */
		CF1190A824215949009D1027 /* NewsViewController.swift */ = {isa = PBXFileReference; lastKnownFileType = sourcecode.swift; path = NewsViewController.swift; sourceTree = "<group>"; };
		CF626C1A241994C700AE88E0 /* NewsReader.app */ = {isa = PBXFileReference; explicitFileType = wrapper.application; includeInIndex = 0; path = NewsReader.app; sourceTree = BUILT_PRODUCTS_DIR; };
		CF626C1D241994C700AE88E0 /* AppDelegate.swift */ = {isa = PBXFileReference; lastKnownFileType = sourcecode.swift; path = AppDelegate.swift; sourceTree = "<group>"; };
		CF626C26241994C800AE88E0 /* Assets.xcassets */ = {isa = PBXFileReference; lastKnownFileType = folder.assetcatalog; path = Assets.xcassets; sourceTree = "<group>"; };
		CF626C2B241994C800AE88E0 /* Info.plist */ = {isa = PBXFileReference; lastKnownFileType = text.plist.xml; path = Info.plist; sourceTree = "<group>"; };
		CF626C312419962400AE88E0 /* AllNewsController.swift */ = {isa = PBXFileReference; lastKnownFileType = sourcecode.swift; path = AllNewsController.swift; sourceTree = "<group>"; };
		CF778A7524200267002C36FD /* Launch Screen.storyboard */ = {isa = PBXFileReference; lastKnownFileType = file.storyboard; path = "Launch Screen.storyboard"; sourceTree = "<group>"; };
		CF778A79242008BB002C36FD /* ParseOperation.swift */ = {isa = PBXFileReference; lastKnownFileType = sourcecode.swift; path = ParseOperation.swift; sourceTree = "<group>"; };
		CFD48D07241FDCDF003E2528 /* NewsCell.swift */ = {isa = PBXFileReference; lastKnownFileType = sourcecode.swift; path = NewsCell.swift; sourceTree = "<group>"; };
		CFD48D08241FDCDF003E2528 /* NewsCell.xib */ = {isa = PBXFileReference; lastKnownFileType = file.xib; path = NewsCell.xib; sourceTree = "<group>"; };
		CFD48D0B241FDECF003E2528 /* NewsModel.swift */ = {isa = PBXFileReference; lastKnownFileType = sourcecode.swift; path = NewsModel.swift; sourceTree = "<group>"; };
/* End PBXFileReference section */

/* Begin PBXFrameworksBuildPhase section */
		CF626C17241994C700AE88E0 /* Frameworks */ = {
			isa = PBXFrameworksBuildPhase;
			buildActionMask = 2147483647;
			files = (
			);
			runOnlyForDeploymentPostprocessing = 0;
		};
/* End PBXFrameworksBuildPhase section */

/* Begin PBXGroup section */
		CF626C11241994C700AE88E0 = {
			isa = PBXGroup;
			children = (
				CF626C1C241994C700AE88E0 /* NewsReader */,
				CF626C1B241994C700AE88E0 /* Products */,
			);
			sourceTree = "<group>";
		};
		CF626C1B241994C700AE88E0 /* Products */ = {
			isa = PBXGroup;
			children = (
				CF626C1A241994C700AE88E0 /* NewsReader.app */,
			);
			name = Products;
			sourceTree = "<group>";
		};
		CF626C1C241994C700AE88E0 /* NewsReader */ = {
			isa = PBXGroup;
			children = (
				CF626C1D241994C700AE88E0 /* AppDelegate.swift */,
				CFD48D0D241FE1AC003E2528 /* AllNews */,
				CF1190A824215949009D1027 /* NewsViewController.swift */,
				CFD48D0B241FDECF003E2528 /* NewsModel.swift */,
				CF778A79242008BB002C36FD /* ParseOperation.swift */,
				CF778A7524200267002C36FD /* Launch Screen.storyboard */,
				CF626C26241994C800AE88E0 /* Assets.xcassets */,
				CF626C2B241994C800AE88E0 /* Info.plist */,
			);
			path = NewsReader;
			sourceTree = "<group>";
		};
		CFD48D0D241FE1AC003E2528 /* AllNews */ = {
			isa = PBXGroup;
			children = (
				CF626C312419962400AE88E0 /* AllNewsController.swift */,
				CFD48D07241FDCDF003E2528 /* NewsCell.swift */,
				CFD48D08241FDCDF003E2528 /* NewsCell.xib */,
			);
			path = AllNews;
			sourceTree = "<group>";
		};
/* End PBXGroup section */

/* Begin PBXNativeTarget section */
		CF626C19241994C700AE88E0 /* NewsReader */ = {
			isa = PBXNativeTarget;
			buildConfigurationList = CF626C2E241994C800AE88E0 /* Build configuration list for PBXNativeTarget "NewsReader" */;
			buildPhases = (
				CF626C16241994C700AE88E0 /* Sources */,
				CF626C17241994C700AE88E0 /* Frameworks */,
				CF626C18241994C700AE88E0 /* Resources */,
			);
			buildRules = (
			);
			dependencies = (
			);
			name = NewsReader;
			productName = NewsReader;
			productReference = CF626C1A241994C700AE88E0 /* NewsReader.app */;
			productType = "com.apple.product-type.application";
		};
/* End PBXNativeTarget section */

/* Begin PBXProject section */
		CF626C12241994C700AE88E0 /* Project object */ = {
			isa = PBXProject;
			attributes = {
				LastSwiftUpdateCheck = 1130;
				LastUpgradeCheck = 1130;
				ORGANIZATIONNAME = Oleginc;
				TargetAttributes = {
					CF626C19241994C700AE88E0 = {
						CreatedOnToolsVersion = 11.3.1;
					};
				};
			};
			buildConfigurationList = CF626C15241994C700AE88E0 /* Build configuration list for PBXProject "NewsReader" */;
			compatibilityVersion = "Xcode 9.3";
			developmentRegion = en;
			hasScannedForEncodings = 0;
			knownRegions = (
				en,
				Base,
			);
			mainGroup = CF626C11241994C700AE88E0;
			productRefGroup = CF626C1B241994C700AE88E0 /* Products */;
			projectDirPath = "";
			projectRoot = "";
			targets = (
				CF626C19241994C700AE88E0 /* NewsReader */,
			);
		};
/* End PBXProject section */

/* Begin PBXResourcesBuildPhase section */
		CF626C18241994C700AE88E0 /* Resources */ = {
			isa = PBXResourcesBuildPhase;
			buildActionMask = 2147483647;
			files = (
				CF778A7624200267002C36FD /* Launch Screen.storyboard in Resources */,
				CFD48D0A241FDCDF003E2528 /* NewsCell.xib in Resources */,
				CF626C27241994C800AE88E0 /* Assets.xcassets in Resources */,
			);
			runOnlyForDeploymentPostprocessing = 0;
		};
/* End PBXResourcesBuildPhase section */

/* Begin PBXSourcesBuildPhase section */
		CF626C16241994C700AE88E0 /* Sources */ = {
			isa = PBXSourcesBuildPhase;
			buildActionMask = 2147483647;
			files = (
				CF626C322419962400AE88E0 /* AllNewsController.swift in Sources */,
				CFD48D09241FDCDF003E2528 /* NewsCell.swift in Sources */,
				CF626C1E241994C700AE88E0 /* AppDelegate.swift in Sources */,
				CF1190A924215949009D1027 /* NewsViewController.swift in Sources */,
				CFD48D0C241FDECF003E2528 /* NewsModel.swift in Sources */,
				CF778A7A242008BB002C36FD /* ParseOperation.swift in Sources */,
			);
			runOnlyForDeploymentPostprocessing = 0;
		};
/* End PBXSourcesBuildPhase section */

/* Begin XCBuildConfiguration section */
		CF626C2C241994C800AE88E0 /* Debug */ = {
			isa = XCBuildConfiguration;
			buildSettings = {
				ALWAYS_SEARCH_USER_PATHS = NO;
				CLANG_ANALYZER_NONNULL = YES;
				CLANG_ANALYZER_NUMBER_OBJECT_CONVERSION = YES_AGGRESSIVE;
				CLANG_CXX_LANGUAGE_STANDARD = "gnu++14";
				CLANG_CXX_LIBRARY = "libc++";
				CLANG_ENABLE_MODULES = YES;
				CLANG_ENABLE_OBJC_ARC = YES;
				CLANG_ENABLE_OBJC_WEAK = YES;
				CLANG_WARN_BLOCK_CAPTURE_AUTORELEASING = YES;
				CLANG_WARN_BOOL_CONVERSION = YES;
				CLANG_WARN_COMMA = YES;
				CLANG_WARN_CONSTANT_CONVERSION = YES;
				CLANG_WARN_DEPRECATED_OBJC_IMPLEMENTATIONS = YES;
				CLANG_WARN_DIRECT_OBJC_ISA_USAGE = YES_ERROR;
				CLANG_WARN_DOCUMENTATION_COMMENTS = YES;
				CLANG_WARN_EMPTY_BODY = YES;
				CLANG_WARN_ENUM_CONVERSION = YES;
				CLANG_WARN_INFINITE_RECURSION = YES;
				CLANG_WARN_INT_CONVERSION = YES;
				CLANG_WARN_NON_LITERAL_NULL_CONVERSION = YES;
				CLANG_WARN_OBJC_IMPLICIT_RETAIN_SELF = YES;
				CLANG_WARN_OBJC_LITERAL_CONVERSION = YES;
				CLANG_WARN_OBJC_ROOT_CLASS = YES_ERROR;
				CLANG_WARN_RANGE_LOOP_ANALYSIS = YES;
				CLANG_WARN_STRICT_PROTOTYPES = YES;
				CLANG_WARN_SUSPICIOUS_MOVE = YES;
				CLANG_WARN_UNGUARDED_AVAILABILITY = YES_AGGRESSIVE;
				CLANG_WARN_UNREACHABLE_CODE = YES;
				CLANG_WARN__DUPLICATE_METHOD_MATCH = YES;
				COPY_PHASE_STRIP = NO;
				DEBUG_INFORMATION_FORMAT = dwarf;
				ENABLE_STRICT_OBJC_MSGSEND = YES;
				ENABLE_TESTABILITY = YES;
				GCC_C_LANGUAGE_STANDARD = gnu11;
				GCC_DYNAMIC_NO_PIC = NO;
				GCC_NO_COMMON_BLOCKS = YES;
				GCC_OPTIMIZATION_LEVEL = 0;
				GCC_PREPROCESSOR_DEFINITIONS = (
					"DEBUG=1",
					"$(inherited)",
				);
				GCC_WARN_64_TO_32_BIT_CONVERSION = YES;
				GCC_WARN_ABOUT_RETURN_TYPE = YES_ERROR;
				GCC_WARN_UNDECLARED_SELECTOR = YES;
				GCC_WARN_UNINITIALIZED_AUTOS = YES_AGGRESSIVE;
				GCC_WARN_UNUSED_FUNCTION = YES;
				GCC_WARN_UNUSED_VARIABLE = YES;
				IPHONEOS_DEPLOYMENT_TARGET = 13.2;
				MTL_ENABLE_DEBUG_INFO = INCLUDE_SOURCE;
				MTL_FAST_MATH = YES;
				ONLY_ACTIVE_ARCH = YES;
				SDKROOT = iphoneos;
				SWIFT_ACTIVE_COMPILATION_CONDITIONS = DEBUG;
				SWIFT_OPTIMIZATION_LEVEL = "-Onone";
			};
			name = Debug;
		};
		CF626C2D241994C800AE88E0 /* Release */ = {
			isa = XCBuildConfiguration;
			buildSettings = {
				ALWAYS_SEARCH_USER_PATHS = NO;
				CLANG_ANALYZER_NONNULL = YES;
				CLANG_ANALYZER_NUMBER_OBJECT_CONVERSION = YES_AGGRESSIVE;
				CLANG_CXX_LANGUAGE_STANDARD = "gnu++14";
				CLANG_CXX_LIBRARY = "libc++";
				CLANG_ENABLE_MODULES = YES;
				CLANG_ENABLE_OBJC_ARC = YES;
				CLANG_ENABLE_OBJC_WEAK = YES;
				CLANG_WARN_BLOCK_CAPTURE_AUTORELEASING = YES;
				CLANG_WARN_BOOL_CONVERSION = YES;
				CLANG_WARN_COMMA = YES;
				CLANG_WARN_CONSTANT_CONVERSION = YES;
				CLANG_WARN_DEPRECATED_OBJC_IMPLEMENTATIONS = YES;
				CLANG_WARN_DIRECT_OBJC_ISA_USAGE = YES_ERROR;
				CLANG_WARN_DOCUMENTATION_COMMENTS = YES;
				CLANG_WARN_EMPTY_BODY = YES;
				CLANG_WARN_ENUM_CONVERSION = YES;
				CLANG_WARN_INFINITE_RECURSION = YES;
				CLANG_WARN_INT_CONVERSION = YES;
				CLANG_WARN_NON_LITERAL_NULL_CONVERSION = YES;
				CLANG_WARN_OBJC_IMPLICIT_RETAIN_SELF = YES;
				CLANG_WARN_OBJC_LITERAL_CONVERSION = YES;
				CLANG_WARN_OBJC_ROOT_CLASS = YES_ERROR;
				CLANG_WARN_RANGE_LOOP_ANALYSIS = YES;
				CLANG_WARN_STRICT_PROTOTYPES = YES;
				CLANG_WARN_SUSPICIOUS_MOVE = YES;
				CLANG_WARN_UNGUARDED_AVAILABILITY = YES_AGGRESSIVE;
				CLANG_WARN_UNREACHABLE_CODE = YES;
				CLANG_WARN__DUPLICATE_METHOD_MATCH = YES;
				COPY_PHASE_STRIP = NO;
				DEBUG_INFORMATION_FORMAT = "dwarf-with-dsym";
				ENABLE_NS_ASSERTIONS = NO;
				ENABLE_STRICT_OBJC_MSGSEND = YES;
				GCC_C_LANGUAGE_STANDARD = gnu11;
				GCC_NO_COMMON_BLOCKS = YES;
				GCC_WARN_64_TO_32_BIT_CONVERSION = YES;
				GCC_WARN_ABOUT_RETURN_TYPE = YES_ERROR;
				GCC_WARN_UNDECLARED_SELECTOR = YES;
				GCC_WARN_UNINITIALIZED_AUTOS = YES_AGGRESSIVE;
				GCC_WARN_UNUSED_FUNCTION = YES;
				GCC_WARN_UNUSED_VARIABLE = YES;
				IPHONEOS_DEPLOYMENT_TARGET = 13.2;
				MTL_ENABLE_DEBUG_INFO = NO;
				MTL_FAST_MATH = YES;
				SDKROOT = iphoneos;
				SWIFT_COMPILATION_MODE = wholemodule;
				SWIFT_OPTIMIZATION_LEVEL = "-O";
				VALIDATE_PRODUCT = YES;
			};
			name = Release;
		};
		CF626C2F241994C800AE88E0 /* Debug */ = {
			isa = XCBuildConfiguration;
			buildSettings = {
				ASSETCATALOG_COMPILER_APPICON_NAME = AppIcon;
				CODE_SIGN_STYLE = Automatic;
				DEVELOPMENT_TEAM = G62NMGFRS3;
				INFOPLIST_FILE = NewsReader/Info.plist;
				IPHONEOS_DEPLOYMENT_TARGET = 11.0;
				LD_RUNPATH_SEARCH_PATHS = (
					"$(inherited)",
					"@executable_path/Frameworks",
				);
				PRODUCT_BUNDLE_IDENTIFIER = OGI.NewsReader;
				PRODUCT_NAME = "$(TARGET_NAME)";
				SWIFT_VERSION = 5.0;
				TARGETED_DEVICE_FAMILY = "1,2";
			};
			name = Debug;
		};
		CF626C30241994C800AE88E0 /* Release */ = {
			isa = XCBuildConfiguration;
			buildSettings = {
				ASSETCATALOG_COMPILER_APPICON_NAME = AppIcon;
				CODE_SIGN_STYLE = Automatic;
				DEVELOPMENT_TEAM = G62NMGFRS3;
				INFOPLIST_FILE = NewsReader/Info.plist;
				IPHONEOS_DEPLOYMENT_TARGET = 11.0;
				LD_RUNPATH_SEARCH_PATHS = (
					"$(inherited)",
					"@executable_path/Frameworks",
				);
				PRODUCT_BUNDLE_IDENTIFIER = OGI.NewsReader;
				PRODUCT_NAME = "$(TARGET_NAME)";
				SWIFT_VERSION = 5.0;
				TARGETED_DEVICE_FAMILY = "1,2";
			};
			name = Release;
		};
/* End XCBuildConfiguration section */

/* Begin XCConfigurationList section */
		CF626C15241994C700AE88E0 /* Build configuration list for PBXProject "NewsReader" */ = {
			isa = XCConfigurationList;
			buildConfigurations = (
				CF626C2C241994C800AE88E0 /* Debug */,
				CF626C2D241994C800AE88E0 /* Release */,
			);
			defaultConfigurationIsVisible = 0;
			defaultConfigurationName = Release;
		};
		CF626C2E241994C800AE88E0 /* Build configuration list for PBXNativeTarget "NewsReader" */ = {
			isa = XCConfigurationList;
			buildConfigurations = (
				CF626C2F241994C800AE88E0 /* Debug */,
				CF626C30241994C800AE88E0 /* Release */,
			);
			defaultConfigurationIsVisible = 0;
			defaultConfigurationName = Release;
		};
/* End XCConfigurationList section */
	};
	rootObject = CF626C12241994C700AE88E0 /* Project object */;
}
